// !$*UTF8*$!
{
	archiveVersion = 1;
	classes = {
	};
	objectVersion = 46;
	objects = {

/* Begin PBXBuildFile section */
		348BC3411DD1AF3900638D66 /* AppDelegate.swift in Sources */ = {isa = PBXBuildFile; fileRef = 348BC3401DD1AF3900638D66 /* AppDelegate.swift */; };
		348BC3431DD1AF3900638D66 /* LocationFinderViewController.swift in Sources */ = {isa = PBXBuildFile; fileRef = 348BC3421DD1AF3900638D66 /* LocationFinderViewController.swift */; };
		348BC3461DD1AF3900638D66 /* Main.storyboard in Resources */ = {isa = PBXBuildFile; fileRef = 348BC3441DD1AF3900638D66 /* Main.storyboard */; };
		348BC3491DD1AF3A00638D66 /* Locator.xcdatamodeld in Sources */ = {isa = PBXBuildFile; fileRef = 348BC3471DD1AF3900638D66 /* Locator.xcdatamodeld */; };
		348BC34B1DD1AF3A00638D66 /* Assets.xcassets in Resources */ = {isa = PBXBuildFile; fileRef = 348BC34A1DD1AF3A00638D66 /* Assets.xcassets */; };
		348BC34E1DD1AF3A00638D66 /* LaunchScreen.storyboard in Resources */ = {isa = PBXBuildFile; fileRef = 348BC34C1DD1AF3A00638D66 /* LaunchScreen.storyboard */; };
		348BC3641DD1AF6B00638D66 /* Podfile in Resources */ = {isa = PBXBuildFile; fileRef = 348BC3631DD1AF6B00638D66 /* Podfile */; };
		B52CD6FBFF14B2F32A23359C /* libPods-Locator.a in Frameworks */ = {isa = PBXBuildFile; fileRef = 4C356B11EB1AD34A8EE3D80C /* libPods-Locator.a */; };
		F172E53F1DD705A100DDFB8E /* MainViewController.swift in Sources */ = {isa = PBXBuildFile; fileRef = F172E53E1DD705A100DDFB8E /* MainViewController.swift */; };
		F1D5D2951DD70DED00D9DC1F /* LocationListViewController.swift in Sources */ = {isa = PBXBuildFile; fileRef = F1D5D2941DD70DED00D9DC1F /* LocationListViewController.swift */; };
		F1D5D29A1DD85B3700D9DC1F /* Place.swift in Sources */ = {isa = PBXBuildFile; fileRef = F1D5D2991DD85B3700D9DC1F /* Place.swift */; };
		F1D5D29F1DD85DA100D9DC1F /* PlaceTests.swift in Sources */ = {isa = PBXBuildFile; fileRef = F1D5D29E1DD85DA100D9DC1F /* PlaceTests.swift */; };
/* End PBXBuildFile section */

/* Begin PBXContainerItemProxy section */
		348BC3551DD1AF3A00638D66 /* PBXContainerItemProxy */ = {
			isa = PBXContainerItemProxy;
			containerPortal = 348BC3351DD1AF3900638D66 /* Project object */;
			proxyType = 1;
			remoteGlobalIDString = 348BC33C1DD1AF3900638D66;
			remoteInfo = Locator;
		};
/* End PBXContainerItemProxy section */

/* Begin PBXFileReference section */
		1CA6C082A0A8C47587CC8ADF /* Pods-Locator.release.xcconfig */ = {isa = PBXFileReference; includeInIndex = 1; lastKnownFileType = text.xcconfig; name = "Pods-Locator.release.xcconfig"; path = "Pods/Target Support Files/Pods-Locator/Pods-Locator.release.xcconfig"; sourceTree = "<group>"; };
		348BC33D1DD1AF3900638D66 /* Locator.app */ = {isa = PBXFileReference; explicitFileType = wrapper.application; includeInIndex = 0; path = Locator.app; sourceTree = BUILT_PRODUCTS_DIR; };
		348BC3401DD1AF3900638D66 /* AppDelegate.swift */ = {isa = PBXFileReference; lastKnownFileType = sourcecode.swift; path = AppDelegate.swift; sourceTree = "<group>"; };
		348BC3421DD1AF3900638D66 /* LocationFinderViewController.swift */ = {isa = PBXFileReference; lastKnownFileType = sourcecode.swift; path = LocationFinderViewController.swift; sourceTree = "<group>"; };
		348BC3451DD1AF3900638D66 /* Base */ = {isa = PBXFileReference; lastKnownFileType = file.storyboard; name = Base; path = Base.lproj/Main.storyboard; sourceTree = "<group>"; };
		348BC3481DD1AF3A00638D66 /* Locator.xcdatamodel */ = {isa = PBXFileReference; lastKnownFileType = wrapper.xcdatamodel; path = Locator.xcdatamodel; sourceTree = "<group>"; };
		348BC34A1DD1AF3A00638D66 /* Assets.xcassets */ = {isa = PBXFileReference; lastKnownFileType = folder.assetcatalog; path = Assets.xcassets; sourceTree = "<group>"; };
		348BC34D1DD1AF3A00638D66 /* Base */ = {isa = PBXFileReference; lastKnownFileType = file.storyboard; name = Base; path = Base.lproj/LaunchScreen.storyboard; sourceTree = "<group>"; };
		348BC34F1DD1AF3A00638D66 /* Info.plist */ = {isa = PBXFileReference; lastKnownFileType = text.plist.xml; path = Info.plist; sourceTree = "<group>"; };
		348BC3541DD1AF3A00638D66 /* LocatorTests.xctest */ = {isa = PBXFileReference; explicitFileType = wrapper.cfbundle; includeInIndex = 0; path = LocatorTests.xctest; sourceTree = BUILT_PRODUCTS_DIR; };
		348BC35A1DD1AF3A00638D66 /* Info.plist */ = {isa = PBXFileReference; lastKnownFileType = text.plist.xml; path = Info.plist; sourceTree = "<group>"; };
		348BC3631DD1AF6B00638D66 /* Podfile */ = {isa = PBXFileReference; fileEncoding = 4; lastKnownFileType = text; path = Podfile; sourceTree = "<group>"; xcLanguageSpecificationIdentifier = xcode.lang.ruby; };
		4C356B11EB1AD34A8EE3D80C /* libPods-Locator.a */ = {isa = PBXFileReference; explicitFileType = archive.ar; includeInIndex = 0; path = "libPods-Locator.a"; sourceTree = BUILT_PRODUCTS_DIR; };
		513678032403BEE30CBB3F1F /* Pods-Locator.debug.xcconfig */ = {isa = PBXFileReference; includeInIndex = 1; lastKnownFileType = text.xcconfig; name = "Pods-Locator.debug.xcconfig"; path = "Pods/Target Support Files/Pods-Locator/Pods-Locator.debug.xcconfig"; sourceTree = "<group>"; };
		F172E53E1DD705A100DDFB8E /* MainViewController.swift */ = {isa = PBXFileReference; fileEncoding = 4; lastKnownFileType = sourcecode.swift; path = MainViewController.swift; sourceTree = "<group>"; };
		F1D5D2941DD70DED00D9DC1F /* LocationListViewController.swift */ = {isa = PBXFileReference; fileEncoding = 4; lastKnownFileType = sourcecode.swift; path = LocationListViewController.swift; sourceTree = "<group>"; };
		F1D5D2991DD85B3700D9DC1F /* Place.swift */ = {isa = PBXFileReference; fileEncoding = 4; lastKnownFileType = sourcecode.swift; path = Place.swift; sourceTree = "<group>"; };
		F1D5D29E1DD85DA100D9DC1F /* PlaceTests.swift */ = {isa = PBXFileReference; fileEncoding = 4; lastKnownFileType = sourcecode.swift; path = PlaceTests.swift; sourceTree = "<group>"; };
/* End PBXFileReference section */

/* Begin PBXFrameworksBuildPhase section */
		348BC33A1DD1AF3900638D66 /* Frameworks */ = {
			isa = PBXFrameworksBuildPhase;
			buildActionMask = 2147483647;
			files = (
				B52CD6FBFF14B2F32A23359C /* libPods-Locator.a in Frameworks */,
			);
			runOnlyForDeploymentPostprocessing = 0;
		};
		348BC3511DD1AF3A00638D66 /* Frameworks */ = {
			isa = PBXFrameworksBuildPhase;
			buildActionMask = 2147483647;
			files = (
			);
			runOnlyForDeploymentPostprocessing = 0;
		};
/* End PBXFrameworksBuildPhase section */

/* Begin PBXGroup section */
		348BC3341DD1AF3900638D66 = {
			isa = PBXGroup;
			children = (
				348BC3631DD1AF6B00638D66 /* Podfile */,
				348BC33F1DD1AF3900638D66 /* Locator */,
				348BC3571DD1AF3A00638D66 /* LocatorTests */,
				348BC33E1DD1AF3900638D66 /* Products */,
				B6512042D342219B6EAE0FD9 /* Pods */,
				9EE7C2F2D9049A0CDB069BA2 /* Frameworks */,
			);
			sourceTree = "<group>";
		};
		348BC33E1DD1AF3900638D66 /* Products */ = {
			isa = PBXGroup;
			children = (
				348BC33D1DD1AF3900638D66 /* Locator.app */,
				348BC3541DD1AF3A00638D66 /* LocatorTests.xctest */,
			);
			name = Products;
			sourceTree = "<group>";
		};
		348BC33F1DD1AF3900638D66 /* Locator */ = {
			isa = PBXGroup;
			children = (
				F1D5D2981DD85B0000D9DC1F /* model */,
				348BC3401DD1AF3900638D66 /* AppDelegate.swift */,
				348BC3441DD1AF3900638D66 /* Main.storyboard */,
				348BC34A1DD1AF3A00638D66 /* Assets.xcassets */,
				348BC34C1DD1AF3A00638D66 /* LaunchScreen.storyboard */,
				348BC34F1DD1AF3A00638D66 /* Info.plist */,
				348BC3471DD1AF3900638D66 /* Locator.xcdatamodeld */,
				F172E53E1DD705A100DDFB8E /* MainViewController.swift */,
				348BC3421DD1AF3900638D66 /* LocationFinderViewController.swift */,
				F1D5D2941DD70DED00D9DC1F /* LocationListViewController.swift */,
			);
			path = Locator;
			sourceTree = "<group>";
		};
		348BC3571DD1AF3A00638D66 /* LocatorTests */ = {
			isa = PBXGroup;
			children = (
				F1D5D29D1DD85D6B00D9DC1F /* model */,
				348BC35A1DD1AF3A00638D66 /* Info.plist */,
			);
			path = LocatorTests;
			sourceTree = "<group>";
		};
		9EE7C2F2D9049A0CDB069BA2 /* Frameworks */ = {
			isa = PBXGroup;
			children = (
				4C356B11EB1AD34A8EE3D80C /* libPods-Locator.a */,
			);
			name = Frameworks;
			sourceTree = "<group>";
		};
		B6512042D342219B6EAE0FD9 /* Pods */ = {
			isa = PBXGroup;
			children = (
				513678032403BEE30CBB3F1F /* Pods-Locator.debug.xcconfig */,
				1CA6C082A0A8C47587CC8ADF /* Pods-Locator.release.xcconfig */,
			);
			name = Pods;
			sourceTree = "<group>";
		};
		F1D5D2981DD85B0000D9DC1F /* model */ = {
			isa = PBXGroup;
			children = (
				F1D5D2991DD85B3700D9DC1F /* Place.swift */,
			);
			path = model;
			sourceTree = "<group>";
		};
		F1D5D29D1DD85D6B00D9DC1F /* model */ = {
			isa = PBXGroup;
			children = (
				F1D5D29E1DD85DA100D9DC1F /* PlaceTests.swift */,
			);
			path = model;
			sourceTree = "<group>";
		};
/* End PBXGroup section */

/* Begin PBXNativeTarget section */
		348BC33C1DD1AF3900638D66 /* Locator */ = {
			isa = PBXNativeTarget;
			buildConfigurationList = 348BC35D1DD1AF3A00638D66 /* Build configuration list for PBXNativeTarget "Locator" */;
			buildPhases = (
				43903B008628763B14B3A412 /* [CP] Check Pods Manifest.lock */,
				348BC3391DD1AF3900638D66 /* Sources */,
				348BC33A1DD1AF3900638D66 /* Frameworks */,
				348BC33B1DD1AF3900638D66 /* Resources */,
				4291D4E62EC891708EC91A46 /* [CP] Embed Pods Frameworks */,
				C63639C884D661A50A5A7D33 /* [CP] Copy Pods Resources */,
			);
			buildRules = (
			);
			dependencies = (
			);
			name = Locator;
			productName = Locator;
			productReference = 348BC33D1DD1AF3900638D66 /* Locator.app */;
			productType = "com.apple.product-type.application";
		};
		348BC3531DD1AF3A00638D66 /* LocatorTests */ = {
			isa = PBXNativeTarget;
			buildConfigurationList = 348BC3601DD1AF3A00638D66 /* Build configuration list for PBXNativeTarget "LocatorTests" */;
			buildPhases = (
				348BC3501DD1AF3A00638D66 /* Sources */,
				348BC3511DD1AF3A00638D66 /* Frameworks */,
				348BC3521DD1AF3A00638D66 /* Resources */,
			);
			buildRules = (
			);
			dependencies = (
				348BC3561DD1AF3A00638D66 /* PBXTargetDependency */,
			);
			name = LocatorTests;
			productName = LocatorTests;
			productReference = 348BC3541DD1AF3A00638D66 /* LocatorTests.xctest */;
			productType = "com.apple.product-type.bundle.unit-test";
		};
/* End PBXNativeTarget section */

/* Begin PBXProject section */
		348BC3351DD1AF3900638D66 /* Project object */ = {
			isa = PBXProject;
			attributes = {
				LastSwiftUpdateCheck = 0810;
				LastUpgradeCheck = 0820;
				ORGANIZATIONNAME = "Vincent O'Sullivan";
				TargetAttributes = {
					348BC33C1DD1AF3900638D66 = {
						CreatedOnToolsVersion = 8.1;
						DevelopmentTeam = 27QRRWZMS6;
						ProvisioningStyle = Automatic;
					};
					348BC3531DD1AF3A00638D66 = {
						CreatedOnToolsVersion = 8.1;
						DevelopmentTeam = 27QRRWZMS6;
						ProvisioningStyle = Automatic;
						TestTargetID = 348BC33C1DD1AF3900638D66;
					};
				};
			};
			buildConfigurationList = 348BC3381DD1AF3900638D66 /* Build configuration list for PBXProject "Locator" */;
			compatibilityVersion = "Xcode 3.2";
			developmentRegion = English;
			hasScannedForEncodings = 0;
			knownRegions = (
				en,
				Base,
			);
			mainGroup = 348BC3341DD1AF3900638D66;
			productRefGroup = 348BC33E1DD1AF3900638D66 /* Products */;
			projectDirPath = "";
			projectRoot = "";
			targets = (
				348BC33C1DD1AF3900638D66 /* Locator */,
				348BC3531DD1AF3A00638D66 /* LocatorTests */,
			);
		};
/* End PBXProject section */

/* Begin PBXResourcesBuildPhase section */
		348BC33B1DD1AF3900638D66 /* Resources */ = {
			isa = PBXResourcesBuildPhase;
			buildActionMask = 2147483647;
			files = (
				348BC34E1DD1AF3A00638D66 /* LaunchScreen.storyboard in Resources */,
				348BC34B1DD1AF3A00638D66 /* Assets.xcassets in Resources */,
				348BC3641DD1AF6B00638D66 /* Podfile in Resources */,
				348BC3461DD1AF3900638D66 /* Main.storyboard in Resources */,
			);
			runOnlyForDeploymentPostprocessing = 0;
		};
		348BC3521DD1AF3A00638D66 /* Resources */ = {
			isa = PBXResourcesBuildPhase;
			buildActionMask = 2147483647;
			files = (
			);
			runOnlyForDeploymentPostprocessing = 0;
		};
/* End PBXResourcesBuildPhase section */

/* Begin PBXShellScriptBuildPhase section */
		4291D4E62EC891708EC91A46 /* [CP] Embed Pods Frameworks */ = {
			isa = PBXShellScriptBuildPhase;
			buildActionMask = 2147483647;
			files = (
			);
			inputPaths = (
			);
			name = "[CP] Embed Pods Frameworks";
			outputPaths = (
			);
			runOnlyForDeploymentPostprocessing = 0;
			shellPath = /bin/sh;
			shellScript = "\"${SRCROOT}/Pods/Target Support Files/Pods-Locator/Pods-Locator-frameworks.sh\"\n";
			showEnvVarsInLog = 0;
		};
		43903B008628763B14B3A412 /* [CP] Check Pods Manifest.lock */ = {
			isa = PBXShellScriptBuildPhase;
			buildActionMask = 2147483647;
			files = (
			);
			inputPaths = (
			);
			name = "[CP] Check Pods Manifest.lock";
			outputPaths = (
			);
			runOnlyForDeploymentPostprocessing = 0;
			shellPath = /bin/sh;
			shellScript = "diff \"${PODS_ROOT}/../Podfile.lock\" \"${PODS_ROOT}/Manifest.lock\" > /dev/null\nif [ $? != 0 ] ; then\n    # print error to STDERR\n    echo \"error: The sandbox is not in sync with the Podfile.lock. Run 'pod install' or update your CocoaPods installation.\" >&2\n    exit 1\nfi\n";
			showEnvVarsInLog = 0;
		};
		C63639C884D661A50A5A7D33 /* [CP] Copy Pods Resources */ = {
			isa = PBXShellScriptBuildPhase;
			buildActionMask = 2147483647;
			files = (
			);
			inputPaths = (
			);
			name = "[CP] Copy Pods Resources";
			outputPaths = (
			);
			runOnlyForDeploymentPostprocessing = 0;
			shellPath = /bin/sh;
			shellScript = "\"${SRCROOT}/Pods/Target Support Files/Pods-Locator/Pods-Locator-resources.sh\"\n";
			showEnvVarsInLog = 0;
		};
/* End PBXShellScriptBuildPhase section */

/* Begin PBXSourcesBuildPhase section */
		348BC3391DD1AF3900638D66 /* Sources */ = {
			isa = PBXSourcesBuildPhase;
			buildActionMask = 2147483647;
			files = (
				348BC3491DD1AF3A00638D66 /* Locator.xcdatamodeld in Sources */,
				348BC3431DD1AF3900638D66 /* LocationFinderViewController.swift in Sources */,
				F1D5D2951DD70DED00D9DC1F /* LocationListViewController.swift in Sources */,
				348BC3411DD1AF3900638D66 /* AppDelegate.swift in Sources */,
				F1D5D29A1DD85B3700D9DC1F /* Place.swift in Sources */,
				F172E53F1DD705A100DDFB8E /* MainViewController.swift in Sources */,
			);
			runOnlyForDeploymentPostprocessing = 0;
		};
		348BC3501DD1AF3A00638D66 /* Sources */ = {
			isa = PBXSourcesBuildPhase;
			buildActionMask = 2147483647;
			files = (
				F1D5D29F1DD85DA100D9DC1F /* PlaceTests.swift in Sources */,
			);
			runOnlyForDeploymentPostprocessing = 0;
		};
/* End PBXSourcesBuildPhase section */

/* Begin PBXTargetDependency section */
		348BC3561DD1AF3A00638D66 /* PBXTargetDependency */ = {
			isa = PBXTargetDependency;
			target = 348BC33C1DD1AF3900638D66 /* Locator */;
			targetProxy = 348BC3551DD1AF3A00638D66 /* PBXContainerItemProxy */;
		};
/* End PBXTargetDependency section */

/* Begin PBXVariantGroup section */
		348BC3441DD1AF3900638D66 /* Main.storyboard */ = {
			isa = PBXVariantGroup;
			children = (
				348BC3451DD1AF3900638D66 /* Base */,
			);
			name = Main.storyboard;
			sourceTree = "<group>";
		};
		348BC34C1DD1AF3A00638D66 /* LaunchScreen.storyboard */ = {
			isa = PBXVariantGroup;
			children = (
				348BC34D1DD1AF3A00638D66 /* Base */,
			);
			name = LaunchScreen.storyboard;
			sourceTree = "<group>";
		};
/* End PBXVariantGroup section */

/* Begin XCBuildConfiguration section */
		348BC35B1DD1AF3A00638D66 /* Debug */ = {
			isa = XCBuildConfiguration;
			buildSettings = {
				ALWAYS_SEARCH_USER_PATHS = NO;
				CLANG_ANALYZER_NONNULL = YES;
				CLANG_CXX_LANGUAGE_STANDARD = "gnu++0x";
				CLANG_CXX_LIBRARY = "libc++";
				CLANG_ENABLE_MODULES = YES;
				CLANG_ENABLE_OBJC_ARC = YES;
				CLANG_WARN_BOOL_CONVERSION = YES;
				CLANG_WARN_CONSTANT_CONVERSION = YES;
				CLANG_WARN_DIRECT_OBJC_ISA_USAGE = YES_ERROR;
				CLANG_WARN_DOCUMENTATION_COMMENTS = YES;
				CLANG_WARN_EMPTY_BODY = YES;
				CLANG_WARN_ENUM_CONVERSION = YES;
				CLANG_WARN_INFINITE_RECURSION = YES;
				CLANG_WARN_INT_CONVERSION = YES;
				CLANG_WARN_OBJC_ROOT_CLASS = YES_ERROR;
				CLANG_WARN_SUSPICIOUS_MOVE = YES;
				CLANG_WARN_SUSPICIOUS_MOVES = YES;
				CLANG_WARN_UNREACHABLE_CODE = YES;
				CLANG_WARN__DUPLICATE_METHOD_MATCH = YES;
				"CODE_SIGN_IDENTITY[sdk=iphoneos*]" = "iPhone Developer";
				COPY_PHASE_STRIP = NO;
				DEBUG_INFORMATION_FORMAT = dwarf;
				ENABLE_STRICT_OBJC_MSGSEND = YES;
				ENABLE_TESTABILITY = YES;
				GCC_C_LANGUAGE_STANDARD = gnu99;
				GCC_DYNAMIC_NO_PIC = NO;
				GCC_NO_COMMON_BLOCKS = YES;
				GCC_OPTIMIZATION_LEVEL = 0;
				GCC_PREPROCESSOR_DEFINITIONS = (
					"DEBUG=1",
					"$(inherited)",
				);
				GCC_WARN_64_TO_32_BIT_CONVERSION = YES;
				GCC_WARN_ABOUT_RETURN_TYPE = YES_ERROR;
				GCC_WARN_UNDECLARED_SELECTOR = YES;
				GCC_WARN_UNINITIALIZED_AUTOS = YES_AGGRESSIVE;
				GCC_WARN_UNUSED_FUNCTION = YES;
				GCC_WARN_UNUSED_VARIABLE = YES;
				IPHONEOS_DEPLOYMENT_TARGET = 10.1;
				MTL_ENABLE_DEBUG_INFO = YES;
				ONLY_ACTIVE_ARCH = YES;
				SDKROOT = iphoneos;
				SWIFT_ACTIVE_COMPILATION_CONDITIONS = DEBUG;
				SWIFT_OPTIMIZATION_LEVEL = "-Onone";
				TARGETED_DEVICE_FAMILY = "1,2";
			};
			name = Debug;
		};
		348BC35C1DD1AF3A00638D66 /* Release */ = {
			isa = XCBuildConfiguration;
			buildSettings = {
				ALWAYS_SEARCH_USER_PATHS = NO;
				CLANG_ANALYZER_NONNULL = YES;
				CLANG_CXX_LANGUAGE_STANDARD = "gnu++0x";
				CLANG_CXX_LIBRARY = "libc++";
				CLANG_ENABLE_MODULES = YES;
				CLANG_ENABLE_OBJC_ARC = YES;
				CLANG_WARN_BOOL_CONVERSION = YES;
				CLANG_WARN_CONSTANT_CONVERSION = YES;
				CLANG_WARN_DIRECT_OBJC_ISA_USAGE = YES_ERROR;
				CLANG_WARN_DOCUMENTATION_COMMENTS = YES;
				CLANG_WARN_EMPTY_BODY = YES;
				CLANG_WARN_ENUM_CONVERSION = YES;
				CLANG_WARN_INFINITE_RECURSION = YES;
				CLANG_WARN_INT_CONVERSION = YES;
				CLANG_WARN_OBJC_ROOT_CLASS = YES_ERROR;
				CLANG_WARN_SUSPICIOUS_MOVE = YES;
				CLANG_WARN_SUSPICIOUS_MOVES = YES;
				CLANG_WARN_UNREACHABLE_CODE = YES;
				CLANG_WARN__DUPLICATE_METHOD_MATCH = YES;
				"CODE_SIGN_IDENTITY[sdk=iphoneos*]" = "iPhone Developer";
				COPY_PHASE_STRIP = NO;
				DEBUG_INFORMATION_FORMAT = "dwarf-with-dsym";
				ENABLE_NS_ASSERTIONS = NO;
				ENABLE_STRICT_OBJC_MSGSEND = YES;
				GCC_C_LANGUAGE_STANDARD = gnu99;
				GCC_NO_COMMON_BLOCKS = YES;
				GCC_WARN_64_TO_32_BIT_CONVERSION = YES;
				GCC_WARN_ABOUT_RETURN_TYPE = YES_ERROR;
				GCC_WARN_UNDECLARED_SELECTOR = YES;
				GCC_WARN_UNINITIALIZED_AUTOS = YES_AGGRESSIVE;
				GCC_WARN_UNUSED_FUNCTION = YES;
				GCC_WARN_UNUSED_VARIABLE = YES;
				IPHONEOS_DEPLOYMENT_TARGET = 10.1;
				MTL_ENABLE_DEBUG_INFO = NO;
				SDKROOT = iphoneos;
				SWIFT_OPTIMIZATION_LEVEL = "-Owholemodule";
				TARGETED_DEVICE_FAMILY = "1,2";
				VALIDATE_PRODUCT = YES;
			};
			name = Release;
		};
		348BC35E1DD1AF3A00638D66 /* Debug */ = {
			isa = XCBuildConfiguration;
			baseConfigurationReference = 513678032403BEE30CBB3F1F /* Pods-Locator.debug.xcconfig */;
			buildSettings = {
				ASSETCATALOG_COMPILER_APPICON_NAME = AppIcon;
				DEVELOPMENT_TEAM = 27QRRWZMS6;
				INFOPLIST_FILE = Locator/Info.plist;
				LD_RUNPATH_SEARCH_PATHS = "$(inherited) @executable_path/Frameworks";
				PRODUCT_BUNDLE_IDENTIFIER = com.vjosullivan.Locator;
				PRODUCT_NAME = "$(TARGET_NAME)";
				SWIFT_VERSION = 3.0;
			};
			name = Debug;
		};
		348BC35F1DD1AF3A00638D66 /* Release */ = {
			isa = XCBuildConfiguration;
			baseConfigurationReference = 1CA6C082A0A8C47587CC8ADF /* Pods-Locator.release.xcconfig */;
			buildSettings = {
				ASSETCATALOG_COMPILER_APPICON_NAME = AppIcon;
				DEVELOPMENT_TEAM = 27QRRWZMS6;
				INFOPLIST_FILE = Locator/Info.plist;
				LD_RUNPATH_SEARCH_PATHS = "$(inherited) @executable_path/Frameworks";
				PRODUCT_BUNDLE_IDENTIFIER = com.vjosullivan.Locator;
				PRODUCT_NAME = "$(TARGET_NAME)";
				SWIFT_VERSION = 3.0;
			};
			name = Release;
		};
		348BC3611DD1AF3A00638D66 /* Debug */ = {
			isa = XCBuildConfiguration;
			buildSettings = {
				ALWAYS_EMBED_SWIFT_STANDARD_LIBRARIES = YES;
				BUNDLE_LOADER = "$(TEST_HOST)";
				DEVELOPMENT_TEAM = 27QRRWZMS6;
				INFOPLIST_FILE = LocatorTests/Info.plist;
				LD_RUNPATH_SEARCH_PATHS = "$(inherited) @executable_path/Frameworks @loader_path/Frameworks";
				PRODUCT_BUNDLE_IDENTIFIER = com.vjosullivan.LocatorTests;
				PRODUCT_NAME = "$(TARGET_NAME)";
				SWIFT_VERSION = 3.0;
				TEST_HOST = "$(BUILT_PRODUCTS_DIR)/Locator.app/Locator";
			};
			name = Debug;
		};
		348BC3621DD1AF3A00638D66 /* Release */ = {
			isa = XCBuildConfiguration;
			buildSettings = {
				ALWAYS_EMBED_SWIFT_STANDARD_LIBRARIES = YES;
				BUNDLE_LOADER = "$(TEST_HOST)";
				DEVELOPMENT_TEAM = 27QRRWZMS6;
				INFOPLIST_FILE = LocatorTests/Info.plist;
				LD_RUNPATH_SEARCH_PATHS = "$(inherited) @executable_path/Frameworks @loader_path/Frameworks";
				PRODUCT_BUNDLE_IDENTIFIER = com.vjosullivan.LocatorTests;
				PRODUCT_NAME = "$(TARGET_NAME)";
				SWIFT_VERSION = 3.0;
				TEST_HOST = "$(BUILT_PRODUCTS_DIR)/Locator.app/Locator";
			};
			name = Release;
		};
/* End XCBuildConfiguration section */

/* Begin XCConfigurationList section */
		348BC3381DD1AF3900638D66 /* Build configuration list for PBXProject "Locator" */ = {
			isa = XCConfigurationList;
			buildConfigurations = (
				348BC35B1DD1AF3A00638D66 /* Debug */,
				348BC35C1DD1AF3A00638D66 /* Release */,
			);
			defaultConfigurationIsVisible = 0;
			defaultConfigurationName = Release;
		};
		348BC35D1DD1AF3A00638D66 /* Build configuration list for PBXNativeTarget "Locator" */ = {
			isa = XCConfigurationList;
			buildConfigurations = (
				348BC35E1DD1AF3A00638D66 /* Debug */,
				348BC35F1DD1AF3A00638D66 /* Release */,
			);
			defaultConfigurationIsVisible = 0;
			defaultConfigurationName = Release;
		};
		348BC3601DD1AF3A00638D66 /* Build configuration list for PBXNativeTarget "LocatorTests" */ = {
			isa = XCConfigurationList;
			buildConfigurations = (
				348BC3611DD1AF3A00638D66 /* Debug */,
				348BC3621DD1AF3A00638D66 /* Release */,
			);
			defaultConfigurationIsVisible = 0;
			defaultConfigurationName = Release;
		};
/* End XCConfigurationList section */

/* Begin XCVersionGroup section */
		348BC3471DD1AF3900638D66 /* Locator.xcdatamodeld */ = {
			isa = XCVersionGroup;
			children = (
				348BC3481DD1AF3A00638D66 /* Locator.xcdatamodel */,
			);
			currentVersion = 348BC3481DD1AF3A00638D66 /* Locator.xcdatamodel */;
			path = Locator.xcdatamodeld;
			sourceTree = "<group>";
			versionGroupType = wrapper.xcdatamodel;
		};
/* End XCVersionGroup section */
	};
	rootObject = 348BC3351DD1AF3900638D66 /* Project object */;
}
