// !$*UTF8*$!
{
	archiveVersion = 1;
	classes = {
	};
	objectVersion = 46;
	objects = {

/* Begin PBXBuildFile section */
		3403E86F1E8E7439003F7026 /* Int_extension.swift in Sources */ = {isa = PBXBuildFile; fileRef = 3403E86E1E8E7439003F7026 /* Int_extension.swift */; };
		3403E8711E8E7A35003F7026 /* AlertsHandler.swift in Sources */ = {isa = PBXBuildFile; fileRef = 3403E8701E8E7A35003F7026 /* AlertsHandler.swift */; };
		340FBA091E1A8B1600E2FAD4 /* SettingsViewController.swift in Sources */ = {isa = PBXBuildFile; fileRef = 340FBA081E1A8B1500E2FAD4 /* SettingsViewController.swift */; };
		3422C05B1E1BD01000006EB3 /* Date_extension.swift in Sources */ = {isa = PBXBuildFile; fileRef = 3422C05A1E1BD01000006EB3 /* Date_extension.swift */; };
		3422C05D1E1BF79E00006EB3 /* DarkMoon.swift in Sources */ = {isa = PBXBuildFile; fileRef = 3422C05C1E1BF79E00006EB3 /* DarkMoon.swift */; };
		342A74931E352F01009754AF /* GraphView.swift in Sources */ = {isa = PBXBuildFile; fileRef = 342A74921E352F01009754AF /* GraphView.swift */; };
		3453E2CC1E10730A004D5F46 /* UIColor_extension.swift in Sources */ = {isa = PBXBuildFile; fileRef = 3453E2CB1E10730A004D5F46 /* UIColor_extension.swift */; };
		345D13741E31239400327814 /* WeatherTests.swift in Sources */ = {isa = PBXBuildFile; fileRef = 345D13731E31239400327814 /* WeatherTests.swift */; };
		345D13771E31433800327814 /* StringExtensionTests.swift in Sources */ = {isa = PBXBuildFile; fileRef = 345D13761E31433800327814 /* StringExtensionTests.swift */; };
		345D137A1E32037D00327814 /* DarkSkyUnitsTests.swift in Sources */ = {isa = PBXBuildFile; fileRef = 345D13791E32037D00327814 /* DarkSkyUnitsTests.swift */; };
		345D137C1E3238A400327814 /* RibbonViewTests.swift in Sources */ = {isa = PBXBuildFile; fileRef = 345D137B1E3238A400327814 /* RibbonViewTests.swift */; };
		345D137F1E324E0500327814 /* UIColorExtensionTests.swift in Sources */ = {isa = PBXBuildFile; fileRef = 345D137E1E324E0500327814 /* UIColorExtensionTests.swift */; };
		345D13811E32A59A00327814 /* DarkSkyForecastTests.swift in Sources */ = {isa = PBXBuildFile; fileRef = 345D13801E32A59A00327814 /* DarkSkyForecastTests.swift */; };
		346EDC8F1E30ADF600BF7AD3 /* JSONFixture.swift in Sources */ = {isa = PBXBuildFile; fileRef = 346EDC8E1E30ADF600BF7AD3 /* JSONFixture.swift */; };
		346EDC921E30B99400BF7AD3 /* LocationTests.swift in Sources */ = {isa = PBXBuildFile; fileRef = 346EDC911E30B99400BF7AD3 /* LocationTests.swift */; };
		346EDC941E30B9CF00BF7AD3 /* good_location.json in Resources */ = {isa = PBXBuildFile; fileRef = 346EDC931E30B9CF00BF7AD3 /* good_location.json */; };
		346EDC961E30C0B700BF7AD3 /* bad_latitude.json in Resources */ = {isa = PBXBuildFile; fileRef = 346EDC951E30C0B700BF7AD3 /* bad_latitude.json */; };
		346EDC981E30C0D000BF7AD3 /* bad_longitude.json in Resources */ = {isa = PBXBuildFile; fileRef = 346EDC971E30C0D000BF7AD3 /* bad_longitude.json */; };
		346EDC9A1E30CEC000BF7AD3 /* DarkMoonTests.swift in Sources */ = {isa = PBXBuildFile; fileRef = 346EDC991E30CEC000BF7AD3 /* DarkMoonTests.swift */; };
		348148731E15C1AD00079056 /* SolarViewController.swift in Sources */ = {isa = PBXBuildFile; fileRef = 348148721E15C1AD00079056 /* SolarViewController.swift */; };
		348148751E15C1FF00079056 /* DetailsViewController.swift in Sources */ = {isa = PBXBuildFile; fileRef = 348148741E15C1FF00079056 /* DetailsViewController.swift */; };
		348914751E39DC3300509CA3 /* RainIntensity.swift in Sources */ = {isa = PBXBuildFile; fileRef = 348914741E39DC3300509CA3 /* RainIntensity.swift */; };
		348914791E39E4AB00509CA3 /* RainIntensityTests.swift in Sources */ = {isa = PBXBuildFile; fileRef = 348914781E39E4AB00509CA3 /* RainIntensityTests.swift */; };
		348BC3411DD1AF3900638D66 /* AppDelegate.swift in Sources */ = {isa = PBXBuildFile; fileRef = 348BC3401DD1AF3900638D66 /* AppDelegate.swift */; };
		348BC3431DD1AF3900638D66 /* LocationFinderViewController.swift in Sources */ = {isa = PBXBuildFile; fileRef = 348BC3421DD1AF3900638D66 /* LocationFinderViewController.swift */; };
		348BC3461DD1AF3900638D66 /* Main.storyboard in Resources */ = {isa = PBXBuildFile; fileRef = 348BC3441DD1AF3900638D66 /* Main.storyboard */; };
		348BC3491DD1AF3A00638D66 /* Locator.xcdatamodeld in Sources */ = {isa = PBXBuildFile; fileRef = 348BC3471DD1AF3900638D66 /* Locator.xcdatamodeld */; };
		348BC34B1DD1AF3A00638D66 /* Assets.xcassets in Resources */ = {isa = PBXBuildFile; fileRef = 348BC34A1DD1AF3A00638D66 /* Assets.xcassets */; };
		348BC34E1DD1AF3A00638D66 /* LaunchScreen.storyboard in Resources */ = {isa = PBXBuildFile; fileRef = 348BC34C1DD1AF3A00638D66 /* LaunchScreen.storyboard */; };
		348BC3641DD1AF6B00638D66 /* Podfile in Resources */ = {isa = PBXBuildFile; fileRef = 348BC3631DD1AF6B00638D66 /* Podfile */; };
		3498D66F1E13CEB70081ECE3 /* RibbonView.swift in Sources */ = {isa = PBXBuildFile; fileRef = 3498D66E1E13CEB70081ECE3 /* RibbonView.swift */; };
		34A540AC1E35F69500FD7C6E /* HourViewController.swift in Sources */ = {isa = PBXBuildFile; fileRef = 34A540AB1E35F69500FD7C6E /* HourViewController.swift */; };
		34A540AE1E35F70100FD7C6E /* DayViewController.swift in Sources */ = {isa = PBXBuildFile; fileRef = 34A540AD1E35F70100FD7C6E /* DayViewController.swift */; };
		34A540B01E35F73000FD7C6E /* WeekViewController.swift in Sources */ = {isa = PBXBuildFile; fileRef = 34A540AF1E35F73000FD7C6E /* WeekViewController.swift */; };
		34A540B21E35F77A00FD7C6E /* CreditsViewController.swift in Sources */ = {isa = PBXBuildFile; fileRef = 34A540B11E35F77A00FD7C6E /* CreditsViewController.swift */; };
		34AC7E1E1E1E8AFB00BF33E0 /* String_extension.swift in Sources */ = {isa = PBXBuildFile; fileRef = 34AC7E1D1E1E8AFB00BF33E0 /* String_extension.swift */; };
		34BB1CF21E2E6DE400595C91 /* FrontViewController.swift in Sources */ = {isa = PBXBuildFile; fileRef = 34BB1CF11E2E6DE400595C91 /* FrontViewController.swift */; };
		34DF48E71E292ADB00AC4E16 /* AppSettings.swift in Sources */ = {isa = PBXBuildFile; fileRef = 34DF48E61E292ADB00AC4E16 /* AppSettings.swift */; };
		34F5A4FC1E22794700E66AC1 /* Lilly__.ttf in Resources */ = {isa = PBXBuildFile; fileRef = 34F5A4FB1E22794700E66AC1 /* Lilly__.ttf */; };
		34F5A4FE1E239E2000E66AC1 /* TimeZone_extension.swift in Sources */ = {isa = PBXBuildFile; fileRef = 34F5A4FD1E239E2000E66AC1 /* TimeZone_extension.swift */; };
		34F5A5001E23D6A600E66AC1 /* Font_extension.swift in Sources */ = {isa = PBXBuildFile; fileRef = 34F5A4FF1E23D6A600E66AC1 /* Font_extension.swift */; };
		B52CD6FBFF14B2F32A23359C /* libPods-Locator.a in Frameworks */ = {isa = PBXBuildFile; fileRef = 4C356B11EB1AD34A8EE3D80C /* libPods-Locator.a */; };
		F11198E11E08658000D969CF /* weathericons-regular-webfont.ttf in Resources */ = {isa = PBXBuildFile; fileRef = F11198E01E08658000D969CF /* weathericons-regular-webfont.ttf */; };
		F11F081B1E88527500231BEF /* WeatherHandler.swift in Sources */ = {isa = PBXBuildFile; fileRef = F11F081A1E88527500231BEF /* WeatherHandler.swift */; };
		F11F081D1E8856AF00231BEF /* WeatherTableViewCell.swift in Sources */ = {isa = PBXBuildFile; fileRef = F11F081C1E8856AF00231BEF /* WeatherTableViewCell.swift */; };
		F11F08201E895F0800231BEF /* CreditsViewControllerTests.swift in Sources */ = {isa = PBXBuildFile; fileRef = F11F081F1E895F0800231BEF /* CreditsViewControllerTests.swift */; };
		F14AB6F61E9236E10074E376 /* AlertsTableViewCell.swift in Sources */ = {isa = PBXBuildFile; fileRef = F14AB6F51E9236E10074E376 /* AlertsTableViewCell.swift */; };
		F14E8C481E94D77300C050CC /* UIView_extension.swift in Sources */ = {isa = PBXBuildFile; fileRef = F14E8C471E94D77300C050CC /* UIView_extension.swift */; };
		F14E8C4A1E95164C00C050CC /* nevis.ttf in Resources */ = {isa = PBXBuildFile; fileRef = F14E8C491E95164C00C050CC /* nevis.ttf */; };
		F14E8C4B1E95164C00C050CC /* nevis.ttf in Resources */ = {isa = PBXBuildFile; fileRef = F14E8C491E95164C00C050CC /* nevis.ttf */; };
		F166733F1E0295ED0087C5D7 /* LocationController.swift in Sources */ = {isa = PBXBuildFile; fileRef = F166733C1E0295ED0087C5D7 /* LocationController.swift */; };
		F16673401E0295ED0087C5D7 /* LocationControllerDelegate.swift in Sources */ = {isa = PBXBuildFile; fileRef = F166733D1E0295ED0087C5D7 /* LocationControllerDelegate.swift */; };
		F16673411E0295ED0087C5D7 /* Location.swift in Sources */ = {isa = PBXBuildFile; fileRef = F166733E1E0295ED0087C5D7 /* Location.swift */; };
		F16673441E0296AB0087C5D7 /* DarkSkyClient.swift in Sources */ = {isa = PBXBuildFile; fileRef = F16673431E0296AB0087C5D7 /* DarkSkyClient.swift */; };
		F16673471E0297E20087C5D7 /* DarkSkyForecast.swift in Sources */ = {isa = PBXBuildFile; fileRef = F16673451E0297E20087C5D7 /* DarkSkyForecast.swift */; };
		F166734A1E0297F80087C5D7 /* DarkSkyUnits.swift in Sources */ = {isa = PBXBuildFile; fileRef = F16673491E0297F80087C5D7 /* DarkSkyUnits.swift */; };
		F166734C1E02980C0087C5D7 /* DetailedForecast.swift in Sources */ = {isa = PBXBuildFile; fileRef = F166734B1E02980C0087C5D7 /* DetailedForecast.swift */; };
		F166734F1E0298150087C5D7 /* DataPoint.swift in Sources */ = {isa = PBXBuildFile; fileRef = F166734D1E0298150087C5D7 /* DataPoint.swift */; };
		F16673501E0298150087C5D7 /* DataPointInit.swift in Sources */ = {isa = PBXBuildFile; fileRef = F166734E1E0298150087C5D7 /* DataPointInit.swift */; };
		F172E53F1DD705A100DDFB8E /* MainViewController.swift in Sources */ = {isa = PBXBuildFile; fileRef = F172E53E1DD705A100DDFB8E /* MainViewController.swift */; };
		F1884ADA1E8E28CB00EA6290 /* Alerts.swift in Sources */ = {isa = PBXBuildFile; fileRef = F1884AD91E8E28CB00EA6290 /* Alerts.swift */; };
		F1B662431E866FB20095F16A /* AlertsViewController.swift in Sources */ = {isa = PBXBuildFile; fileRef = F1B662421E866FB20095F16A /* AlertsViewController.swift */; };
		F1D5D2951DD70DED00D9DC1F /* LocationListViewController.swift in Sources */ = {isa = PBXBuildFile; fileRef = F1D5D2941DD70DED00D9DC1F /* LocationListViewController.swift */; };
		F1D5D29A1DD85B3700D9DC1F /* Place.swift in Sources */ = {isa = PBXBuildFile; fileRef = F1D5D2991DD85B3700D9DC1F /* Place.swift */; };
		F1D5D29F1DD85DA100D9DC1F /* PlaceTests.swift in Sources */ = {isa = PBXBuildFile; fileRef = F1D5D29E1DD85DA100D9DC1F /* PlaceTests.swift */; };
		F1D5D2A31DD8982400D9DC1F /* PlaceManager.swift in Sources */ = {isa = PBXBuildFile; fileRef = F1D5D2A21DD8982400D9DC1F /* PlaceManager.swift */; };
		F1D60DD31E27E39000E7059C /* Weather.swift in Sources */ = {isa = PBXBuildFile; fileRef = F1D60DD21E27E39000E7059C /* Weather.swift */; };
		F1E08CC71E8BD48E003561FF /* RaindropLabel.swift in Sources */ = {isa = PBXBuildFile; fileRef = F1E08CC61E8BD48E003561FF /* RaindropLabel.swift */; };
		F1E08CC91E8D019E003561FF /* Alert.swift in Sources */ = {isa = PBXBuildFile; fileRef = F1E08CC81E8D019E003561FF /* Alert.swift */; };
/* End PBXBuildFile section */

/* Begin PBXContainerItemProxy section */
		348BC3551DD1AF3A00638D66 /* PBXContainerItemProxy */ = {
			isa = PBXContainerItemProxy;
			containerPortal = 348BC3351DD1AF3900638D66 /* Project object */;
			proxyType = 1;
			remoteGlobalIDString = 348BC33C1DD1AF3900638D66;
			remoteInfo = Locator;
		};
/* End PBXContainerItemProxy section */

/* Begin PBXFileReference section */
		1CA6C082A0A8C47587CC8ADF /* Pods-Locator.release.xcconfig */ = {isa = PBXFileReference; includeInIndex = 1; lastKnownFileType = text.xcconfig; name = "Pods-Locator.release.xcconfig"; path = "Pods/Target Support Files/Pods-Locator/Pods-Locator.release.xcconfig"; sourceTree = "<group>"; };
		3403E86E1E8E7439003F7026 /* Int_extension.swift */ = {isa = PBXFileReference; fileEncoding = 4; lastKnownFileType = sourcecode.swift; path = Int_extension.swift; sourceTree = "<group>"; };
		3403E8701E8E7A35003F7026 /* AlertsHandler.swift */ = {isa = PBXFileReference; fileEncoding = 4; lastKnownFileType = sourcecode.swift; path = AlertsHandler.swift; sourceTree = "<group>"; };
		340FBA081E1A8B1500E2FAD4 /* SettingsViewController.swift */ = {isa = PBXFileReference; fileEncoding = 4; lastKnownFileType = sourcecode.swift; path = SettingsViewController.swift; sourceTree = "<group>"; };
		3422C05A1E1BD01000006EB3 /* Date_extension.swift */ = {isa = PBXFileReference; fileEncoding = 4; lastKnownFileType = sourcecode.swift; path = Date_extension.swift; sourceTree = "<group>"; };
		3422C05C1E1BF79E00006EB3 /* DarkMoon.swift */ = {isa = PBXFileReference; fileEncoding = 4; lastKnownFileType = sourcecode.swift; path = DarkMoon.swift; sourceTree = "<group>"; };
		342A74921E352F01009754AF /* GraphView.swift */ = {isa = PBXFileReference; fileEncoding = 4; lastKnownFileType = sourcecode.swift; path = GraphView.swift; sourceTree = "<group>"; };
		3453E2CB1E10730A004D5F46 /* UIColor_extension.swift */ = {isa = PBXFileReference; fileEncoding = 4; lastKnownFileType = sourcecode.swift; path = UIColor_extension.swift; sourceTree = "<group>"; };
		345D13731E31239400327814 /* WeatherTests.swift */ = {isa = PBXFileReference; fileEncoding = 4; lastKnownFileType = sourcecode.swift; path = WeatherTests.swift; sourceTree = "<group>"; };
		345D13761E31433800327814 /* StringExtensionTests.swift */ = {isa = PBXFileReference; fileEncoding = 4; lastKnownFileType = sourcecode.swift; path = StringExtensionTests.swift; sourceTree = "<group>"; };
		345D13791E32037D00327814 /* DarkSkyUnitsTests.swift */ = {isa = PBXFileReference; fileEncoding = 4; lastKnownFileType = sourcecode.swift; path = DarkSkyUnitsTests.swift; sourceTree = "<group>"; };
		345D137B1E3238A400327814 /* RibbonViewTests.swift */ = {isa = PBXFileReference; fileEncoding = 4; lastKnownFileType = sourcecode.swift; path = RibbonViewTests.swift; sourceTree = "<group>"; };
		345D137E1E324E0500327814 /* UIColorExtensionTests.swift */ = {isa = PBXFileReference; fileEncoding = 4; lastKnownFileType = sourcecode.swift; path = UIColorExtensionTests.swift; sourceTree = "<group>"; };
		345D13801E32A59A00327814 /* DarkSkyForecastTests.swift */ = {isa = PBXFileReference; fileEncoding = 4; lastKnownFileType = sourcecode.swift; path = DarkSkyForecastTests.swift; sourceTree = "<group>"; };
		346EDC8E1E30ADF600BF7AD3 /* JSONFixture.swift */ = {isa = PBXFileReference; fileEncoding = 4; lastKnownFileType = sourcecode.swift; path = JSONFixture.swift; sourceTree = "<group>"; };
		346EDC911E30B99400BF7AD3 /* LocationTests.swift */ = {isa = PBXFileReference; fileEncoding = 4; lastKnownFileType = sourcecode.swift; path = LocationTests.swift; sourceTree = "<group>"; };
		346EDC931E30B9CF00BF7AD3 /* good_location.json */ = {isa = PBXFileReference; fileEncoding = 4; lastKnownFileType = text.json; path = good_location.json; sourceTree = "<group>"; };
		346EDC951E30C0B700BF7AD3 /* bad_latitude.json */ = {isa = PBXFileReference; fileEncoding = 4; lastKnownFileType = text.json; path = bad_latitude.json; sourceTree = "<group>"; };
		346EDC971E30C0D000BF7AD3 /* bad_longitude.json */ = {isa = PBXFileReference; fileEncoding = 4; lastKnownFileType = text.json; path = bad_longitude.json; sourceTree = "<group>"; };
		346EDC991E30CEC000BF7AD3 /* DarkMoonTests.swift */ = {isa = PBXFileReference; fileEncoding = 4; lastKnownFileType = sourcecode.swift; path = DarkMoonTests.swift; sourceTree = "<group>"; };
		348148721E15C1AD00079056 /* SolarViewController.swift */ = {isa = PBXFileReference; fileEncoding = 4; lastKnownFileType = sourcecode.swift; path = SolarViewController.swift; sourceTree = "<group>"; };
		348148741E15C1FF00079056 /* DetailsViewController.swift */ = {isa = PBXFileReference; fileEncoding = 4; lastKnownFileType = sourcecode.swift; path = DetailsViewController.swift; sourceTree = "<group>"; };
		348914741E39DC3300509CA3 /* RainIntensity.swift */ = {isa = PBXFileReference; fileEncoding = 4; lastKnownFileType = sourcecode.swift; path = RainIntensity.swift; sourceTree = "<group>"; };
		348914781E39E4AB00509CA3 /* RainIntensityTests.swift */ = {isa = PBXFileReference; fileEncoding = 4; lastKnownFileType = sourcecode.swift; path = RainIntensityTests.swift; sourceTree = "<group>"; };
		348BC33D1DD1AF3900638D66 /* Locator.app */ = {isa = PBXFileReference; explicitFileType = wrapper.application; includeInIndex = 0; path = Locator.app; sourceTree = BUILT_PRODUCTS_DIR; };
		348BC3401DD1AF3900638D66 /* AppDelegate.swift */ = {isa = PBXFileReference; lastKnownFileType = sourcecode.swift; path = AppDelegate.swift; sourceTree = "<group>"; };
		348BC3421DD1AF3900638D66 /* LocationFinderViewController.swift */ = {isa = PBXFileReference; lastKnownFileType = sourcecode.swift; path = LocationFinderViewController.swift; sourceTree = "<group>"; };
		348BC3451DD1AF3900638D66 /* Base */ = {isa = PBXFileReference; lastKnownFileType = file.storyboard; name = Base; path = Base.lproj/Main.storyboard; sourceTree = "<group>"; };
		348BC3481DD1AF3A00638D66 /* Locator.xcdatamodel */ = {isa = PBXFileReference; lastKnownFileType = wrapper.xcdatamodel; path = Locator.xcdatamodel; sourceTree = "<group>"; };
		348BC34A1DD1AF3A00638D66 /* Assets.xcassets */ = {isa = PBXFileReference; lastKnownFileType = folder.assetcatalog; path = Assets.xcassets; sourceTree = "<group>"; };
		348BC34D1DD1AF3A00638D66 /* Base */ = {isa = PBXFileReference; lastKnownFileType = file.storyboard; name = Base; path = Base.lproj/LaunchScreen.storyboard; sourceTree = "<group>"; };
		348BC34F1DD1AF3A00638D66 /* Info.plist */ = {isa = PBXFileReference; lastKnownFileType = text.plist.xml; path = Info.plist; sourceTree = "<group>"; };
		348BC3541DD1AF3A00638D66 /* LocatorTests.xctest */ = {isa = PBXFileReference; explicitFileType = wrapper.cfbundle; includeInIndex = 0; path = LocatorTests.xctest; sourceTree = BUILT_PRODUCTS_DIR; };
		348BC35A1DD1AF3A00638D66 /* Info.plist */ = {isa = PBXFileReference; lastKnownFileType = text.plist.xml; path = Info.plist; sourceTree = "<group>"; };
		348BC3631DD1AF6B00638D66 /* Podfile */ = {isa = PBXFileReference; fileEncoding = 4; lastKnownFileType = text; path = Podfile; sourceTree = "<group>"; xcLanguageSpecificationIdentifier = xcode.lang.ruby; };
		3498D66E1E13CEB70081ECE3 /* RibbonView.swift */ = {isa = PBXFileReference; fileEncoding = 4; lastKnownFileType = sourcecode.swift; path = RibbonView.swift; sourceTree = "<group>"; };
		34A540AB1E35F69500FD7C6E /* HourViewController.swift */ = {isa = PBXFileReference; fileEncoding = 4; lastKnownFileType = sourcecode.swift; path = HourViewController.swift; sourceTree = "<group>"; };
		34A540AD1E35F70100FD7C6E /* DayViewController.swift */ = {isa = PBXFileReference; fileEncoding = 4; lastKnownFileType = sourcecode.swift; path = DayViewController.swift; sourceTree = "<group>"; };
		34A540AF1E35F73000FD7C6E /* WeekViewController.swift */ = {isa = PBXFileReference; fileEncoding = 4; lastKnownFileType = sourcecode.swift; path = WeekViewController.swift; sourceTree = "<group>"; };
		34A540B11E35F77A00FD7C6E /* CreditsViewController.swift */ = {isa = PBXFileReference; fileEncoding = 4; lastKnownFileType = sourcecode.swift; path = CreditsViewController.swift; sourceTree = "<group>"; };
		34AC7E1D1E1E8AFB00BF33E0 /* String_extension.swift */ = {isa = PBXFileReference; fileEncoding = 4; lastKnownFileType = sourcecode.swift; path = String_extension.swift; sourceTree = "<group>"; };
		34BB1CF11E2E6DE400595C91 /* FrontViewController.swift */ = {isa = PBXFileReference; fileEncoding = 4; lastKnownFileType = sourcecode.swift; path = FrontViewController.swift; sourceTree = "<group>"; };
		34DF48E61E292ADB00AC4E16 /* AppSettings.swift */ = {isa = PBXFileReference; fileEncoding = 4; lastKnownFileType = sourcecode.swift; path = AppSettings.swift; sourceTree = "<group>"; };
		34F5A4FB1E22794700E66AC1 /* Lilly__.ttf */ = {isa = PBXFileReference; lastKnownFileType = file; path = Lilly__.ttf; sourceTree = "<group>"; };
		34F5A4FD1E239E2000E66AC1 /* TimeZone_extension.swift */ = {isa = PBXFileReference; fileEncoding = 4; lastKnownFileType = sourcecode.swift; path = TimeZone_extension.swift; sourceTree = "<group>"; };
		34F5A4FF1E23D6A600E66AC1 /* Font_extension.swift */ = {isa = PBXFileReference; fileEncoding = 4; lastKnownFileType = sourcecode.swift; path = Font_extension.swift; sourceTree = "<group>"; };
		4C356B11EB1AD34A8EE3D80C /* libPods-Locator.a */ = {isa = PBXFileReference; explicitFileType = archive.ar; includeInIndex = 0; path = "libPods-Locator.a"; sourceTree = BUILT_PRODUCTS_DIR; };
		513678032403BEE30CBB3F1F /* Pods-Locator.debug.xcconfig */ = {isa = PBXFileReference; includeInIndex = 1; lastKnownFileType = text.xcconfig; name = "Pods-Locator.debug.xcconfig"; path = "Pods/Target Support Files/Pods-Locator/Pods-Locator.debug.xcconfig"; sourceTree = "<group>"; };
		F11198E01E08658000D969CF /* weathericons-regular-webfont.ttf */ = {isa = PBXFileReference; lastKnownFileType = file; path = "weathericons-regular-webfont.ttf"; sourceTree = "<group>"; };
		F11F081A1E88527500231BEF /* WeatherHandler.swift */ = {isa = PBXFileReference; fileEncoding = 4; lastKnownFileType = sourcecode.swift; path = WeatherHandler.swift; sourceTree = "<group>"; };
		F11F081C1E8856AF00231BEF /* WeatherTableViewCell.swift */ = {isa = PBXFileReference; fileEncoding = 4; lastKnownFileType = sourcecode.swift; path = WeatherTableViewCell.swift; sourceTree = "<group>"; };
		F11F081F1E895F0800231BEF /* CreditsViewControllerTests.swift */ = {isa = PBXFileReference; fileEncoding = 4; lastKnownFileType = sourcecode.swift; path = CreditsViewControllerTests.swift; sourceTree = "<group>"; };
		F14AB6F51E9236E10074E376 /* AlertsTableViewCell.swift */ = {isa = PBXFileReference; fileEncoding = 4; lastKnownFileType = sourcecode.swift; path = AlertsTableViewCell.swift; sourceTree = "<group>"; };
		F14E8C471E94D77300C050CC /* UIView_extension.swift */ = {isa = PBXFileReference; fileEncoding = 4; lastKnownFileType = sourcecode.swift; path = UIView_extension.swift; sourceTree = "<group>"; };
		F14E8C491E95164C00C050CC /* nevis.ttf */ = {isa = PBXFileReference; lastKnownFileType = file; path = nevis.ttf; sourceTree = "<group>"; };
		F166733C1E0295ED0087C5D7 /* LocationController.swift */ = {isa = PBXFileReference; fileEncoding = 4; lastKnownFileType = sourcecode.swift; path = LocationController.swift; sourceTree = "<group>"; };
		F166733D1E0295ED0087C5D7 /* LocationControllerDelegate.swift */ = {isa = PBXFileReference; fileEncoding = 4; lastKnownFileType = sourcecode.swift; path = LocationControllerDelegate.swift; sourceTree = "<group>"; };
		F166733E1E0295ED0087C5D7 /* Location.swift */ = {isa = PBXFileReference; fileEncoding = 4; lastKnownFileType = sourcecode.swift; path = Location.swift; sourceTree = "<group>"; };
		F16673431E0296AB0087C5D7 /* DarkSkyClient.swift */ = {isa = PBXFileReference; fileEncoding = 4; lastKnownFileType = sourcecode.swift; path = DarkSkyClient.swift; sourceTree = "<group>"; };
		F16673451E0297E20087C5D7 /* DarkSkyForecast.swift */ = {isa = PBXFileReference; fileEncoding = 4; lastKnownFileType = sourcecode.swift; path = DarkSkyForecast.swift; sourceTree = "<group>"; };
		F16673491E0297F80087C5D7 /* DarkSkyUnits.swift */ = {isa = PBXFileReference; fileEncoding = 4; lastKnownFileType = sourcecode.swift; path = DarkSkyUnits.swift; sourceTree = "<group>"; };
		F166734B1E02980C0087C5D7 /* DetailedForecast.swift */ = {isa = PBXFileReference; fileEncoding = 4; lastKnownFileType = sourcecode.swift; path = DetailedForecast.swift; sourceTree = "<group>"; };
		F166734D1E0298150087C5D7 /* DataPoint.swift */ = {isa = PBXFileReference; fileEncoding = 4; lastKnownFileType = sourcecode.swift; path = DataPoint.swift; sourceTree = "<group>"; };
		F166734E1E0298150087C5D7 /* DataPointInit.swift */ = {isa = PBXFileReference; fileEncoding = 4; lastKnownFileType = sourcecode.swift; path = DataPointInit.swift; sourceTree = "<group>"; };
		F172E53E1DD705A100DDFB8E /* MainViewController.swift */ = {isa = PBXFileReference; fileEncoding = 4; lastKnownFileType = sourcecode.swift; path = MainViewController.swift; sourceTree = "<group>"; };
		F1884AD91E8E28CB00EA6290 /* Alerts.swift */ = {isa = PBXFileReference; fileEncoding = 4; lastKnownFileType = sourcecode.swift; path = Alerts.swift; sourceTree = "<group>"; };
		F1B662421E866FB20095F16A /* AlertsViewController.swift */ = {isa = PBXFileReference; fileEncoding = 4; lastKnownFileType = sourcecode.swift; path = AlertsViewController.swift; sourceTree = "<group>"; };
		F1D5D2941DD70DED00D9DC1F /* LocationListViewController.swift */ = {isa = PBXFileReference; fileEncoding = 4; lastKnownFileType = sourcecode.swift; path = LocationListViewController.swift; sourceTree = "<group>"; };
		F1D5D2991DD85B3700D9DC1F /* Place.swift */ = {isa = PBXFileReference; fileEncoding = 4; lastKnownFileType = sourcecode.swift; path = Place.swift; sourceTree = "<group>"; };
		F1D5D29E1DD85DA100D9DC1F /* PlaceTests.swift */ = {isa = PBXFileReference; fileEncoding = 4; lastKnownFileType = sourcecode.swift; path = PlaceTests.swift; sourceTree = "<group>"; };
		F1D5D2A21DD8982400D9DC1F /* PlaceManager.swift */ = {isa = PBXFileReference; fileEncoding = 4; lastKnownFileType = sourcecode.swift; path = PlaceManager.swift; sourceTree = "<group>"; };
		F1D60DD21E27E39000E7059C /* Weather.swift */ = {isa = PBXFileReference; fileEncoding = 4; lastKnownFileType = sourcecode.swift; path = Weather.swift; sourceTree = "<group>"; };
		F1E08CC61E8BD48E003561FF /* RaindropLabel.swift */ = {isa = PBXFileReference; fileEncoding = 4; lastKnownFileType = sourcecode.swift; path = RaindropLabel.swift; sourceTree = "<group>"; };
		F1E08CC81E8D019E003561FF /* Alert.swift */ = {isa = PBXFileReference; fileEncoding = 4; lastKnownFileType = sourcecode.swift; path = Alert.swift; sourceTree = "<group>"; };
/* End PBXFileReference section */

/* Begin PBXFrameworksBuildPhase section */
		348BC33A1DD1AF3900638D66 /* Frameworks */ = {
			isa = PBXFrameworksBuildPhase;
			buildActionMask = 2147483647;
			files = (
				B52CD6FBFF14B2F32A23359C /* libPods-Locator.a in Frameworks */,
			);
			runOnlyForDeploymentPostprocessing = 0;
		};
		348BC3511DD1AF3A00638D66 /* Frameworks */ = {
			isa = PBXFrameworksBuildPhase;
			buildActionMask = 2147483647;
			files = (
			);
			runOnlyForDeploymentPostprocessing = 0;
		};
/* End PBXFrameworksBuildPhase section */

/* Begin PBXGroup section */
		3453E2CA1E10729C004D5F46 /* Extensions */ = {
			isa = PBXGroup;
			children = (
				3453E2CB1E10730A004D5F46 /* UIColor_extension.swift */,
				3422C05A1E1BD01000006EB3 /* Date_extension.swift */,
				34AC7E1D1E1E8AFB00BF33E0 /* String_extension.swift */,
				34F5A4FD1E239E2000E66AC1 /* TimeZone_extension.swift */,
				34F5A4FF1E23D6A600E66AC1 /* Font_extension.swift */,
				3403E86E1E8E7439003F7026 /* Int_extension.swift */,
				F14E8C471E94D77300C050CC /* UIView_extension.swift */,
			);
			path = Extensions;
			sourceTree = "<group>";
		};
		345D13751E31426E00327814 /* Extensions */ = {
			isa = PBXGroup;
			children = (
				345D13761E31433800327814 /* StringExtensionTests.swift */,
				345D137E1E324E0500327814 /* UIColorExtensionTests.swift */,
			);
			path = Extensions;
			sourceTree = "<group>";
		};
		345D13781E32033C00327814 /* DarkSky */ = {
			isa = PBXGroup;
			children = (
				345D13791E32037D00327814 /* DarkSkyUnitsTests.swift */,
				345D13801E32A59A00327814 /* DarkSkyForecastTests.swift */,
				348914781E39E4AB00509CA3 /* RainIntensityTests.swift */,
			);
			path = DarkSky;
			sourceTree = "<group>";
		};
		346EDC901E30B96400BF7AD3 /* Location */ = {
			isa = PBXGroup;
			children = (
				346EDC911E30B99400BF7AD3 /* LocationTests.swift */,
				346EDC931E30B9CF00BF7AD3 /* good_location.json */,
				346EDC951E30C0B700BF7AD3 /* bad_latitude.json */,
				346EDC971E30C0D000BF7AD3 /* bad_longitude.json */,
			);
			path = Location;
			sourceTree = "<group>";
		};
		348148711E15C14300079056 /* ViewControllers */ = {
			isa = PBXGroup;
			children = (
				F1B662421E866FB20095F16A /* AlertsViewController.swift */,
				34A540B11E35F77A00FD7C6E /* CreditsViewController.swift */,
				34A540AD1E35F70100FD7C6E /* DayViewController.swift */,
				348148741E15C1FF00079056 /* DetailsViewController.swift */,
				34BB1CF11E2E6DE400595C91 /* FrontViewController.swift */,
				34A540AB1E35F69500FD7C6E /* HourViewController.swift */,
				340FBA081E1A8B1500E2FAD4 /* SettingsViewController.swift */,
				348148721E15C1AD00079056 /* SolarViewController.swift */,
				34A540AF1E35F73000FD7C6E /* WeekViewController.swift */,
				F11F081A1E88527500231BEF /* WeatherHandler.swift */,
				F11F081C1E8856AF00231BEF /* WeatherTableViewCell.swift */,
				3403E8701E8E7A35003F7026 /* AlertsHandler.swift */,
				F14AB6F51E9236E10074E376 /* AlertsTableViewCell.swift */,
			);
			path = ViewControllers;
			sourceTree = "<group>";
		};
		348BC3341DD1AF3900638D66 = {
			isa = PBXGroup;
			children = (
				348BC3631DD1AF6B00638D66 /* Podfile */,
				348BC33F1DD1AF3900638D66 /* Locator */,
				348BC3571DD1AF3A00638D66 /* LocatorTests */,
				348BC33E1DD1AF3900638D66 /* Products */,
				B6512042D342219B6EAE0FD9 /* Pods */,
				9EE7C2F2D9049A0CDB069BA2 /* Frameworks */,
			);
			sourceTree = "<group>";
		};
		348BC33E1DD1AF3900638D66 /* Products */ = {
			isa = PBXGroup;
			children = (
				348BC33D1DD1AF3900638D66 /* Locator.app */,
				348BC3541DD1AF3A00638D66 /* LocatorTests.xctest */,
			);
			name = Products;
			sourceTree = "<group>";
		};
		348BC33F1DD1AF3900638D66 /* Locator */ = {
			isa = PBXGroup;
			children = (
				348BC3401DD1AF3900638D66 /* AppDelegate.swift */,
				348BC34C1DD1AF3A00638D66 /* LaunchScreen.storyboard */,
				348BC3441DD1AF3900638D66 /* Main.storyboard */,
				F172E53E1DD705A100DDFB8E /* MainViewController.swift */,
				348BC3421DD1AF3900638D66 /* LocationFinderViewController.swift */,
				F1D5D2941DD70DED00D9DC1F /* LocationListViewController.swift */,
				348BC34A1DD1AF3A00638D66 /* Assets.xcassets */,
				348BC3471DD1AF3900638D66 /* Locator.xcdatamodeld */,
				348BC34F1DD1AF3A00638D66 /* Info.plist */,
				348148711E15C14300079056 /* ViewControllers */,
				3453E2CA1E10729C004D5F46 /* Extensions */,
				F16673421E02965D0087C5D7 /* DarkSky */,
				F166733B1E0295CA0087C5D7 /* Location */,
				F1D5D2981DD85B0000D9DC1F /* model */,
				F11198DF1E0864D300D969CF /* Resources */,
				3498D66E1E13CEB70081ECE3 /* RibbonView.swift */,
				342A74921E352F01009754AF /* GraphView.swift */,
				F1E08CC61E8BD48E003561FF /* RaindropLabel.swift */,
			);
			path = Locator;
			sourceTree = "<group>";
		};
		348BC3571DD1AF3A00638D66 /* LocatorTests */ = {
			isa = PBXGroup;
			children = (
				F11F081E1E895E9400231BEF /* ViewControllers */,
				345D13781E32033C00327814 /* DarkSky */,
				345D13751E31426E00327814 /* Extensions */,
				346EDC901E30B96400BF7AD3 /* Location */,
				F1D5D29D1DD85D6B00D9DC1F /* model */,
				348BC35A1DD1AF3A00638D66 /* Info.plist */,
				346EDC8E1E30ADF600BF7AD3 /* JSONFixture.swift */,
				345D137B1E3238A400327814 /* RibbonViewTests.swift */,
			);
			path = LocatorTests;
			sourceTree = "<group>";
		};
		9EE7C2F2D9049A0CDB069BA2 /* Frameworks */ = {
			isa = PBXGroup;
			children = (
				4C356B11EB1AD34A8EE3D80C /* libPods-Locator.a */,
			);
			name = Frameworks;
			sourceTree = "<group>";
		};
		B6512042D342219B6EAE0FD9 /* Pods */ = {
			isa = PBXGroup;
			children = (
				513678032403BEE30CBB3F1F /* Pods-Locator.debug.xcconfig */,
				1CA6C082A0A8C47587CC8ADF /* Pods-Locator.release.xcconfig */,
			);
			name = Pods;
			sourceTree = "<group>";
		};
		F11198DF1E0864D300D969CF /* Resources */ = {
			isa = PBXGroup;
			children = (
				34F5A4FB1E22794700E66AC1 /* Lilly__.ttf */,
				F14E8C491E95164C00C050CC /* nevis.ttf */,
				F11198E01E08658000D969CF /* weathericons-regular-webfont.ttf */,
			);
			path = Resources;
			sourceTree = "<group>";
		};
		F11F081E1E895E9400231BEF /* ViewControllers */ = {
			isa = PBXGroup;
			children = (
				F11F081F1E895F0800231BEF /* CreditsViewControllerTests.swift */,
			);
			name = ViewControllers;
			path = ViewControllerTests;
			sourceTree = "<group>";
		};
		F166733B1E0295CA0087C5D7 /* Location */ = {
			isa = PBXGroup;
			children = (
				F166733C1E0295ED0087C5D7 /* LocationController.swift */,
				F166733D1E0295ED0087C5D7 /* LocationControllerDelegate.swift */,
				F166733E1E0295ED0087C5D7 /* Location.swift */,
			);
			path = Location;
			sourceTree = "<group>";
		};
		F16673421E02965D0087C5D7 /* DarkSky */ = {
			isa = PBXGroup;
			children = (
				F16673431E0296AB0087C5D7 /* DarkSkyClient.swift */,
				F16673451E0297E20087C5D7 /* DarkSkyForecast.swift */,
				F16673491E0297F80087C5D7 /* DarkSkyUnits.swift */,
				F166734D1E0298150087C5D7 /* DataPoint.swift */,
				F166734E1E0298150087C5D7 /* DataPointInit.swift */,
				F166734B1E02980C0087C5D7 /* DetailedForecast.swift */,
				348914741E39DC3300509CA3 /* RainIntensity.swift */,
				F1E08CC81E8D019E003561FF /* Alert.swift */,
				F1884AD91E8E28CB00EA6290 /* Alerts.swift */,
			);
			path = DarkSky;
			sourceTree = "<group>";
		};
		F1D5D2981DD85B0000D9DC1F /* model */ = {
			isa = PBXGroup;
			children = (
				F1D5D2991DD85B3700D9DC1F /* Place.swift */,
				F1D5D2A21DD8982400D9DC1F /* PlaceManager.swift */,
				3422C05C1E1BF79E00006EB3 /* DarkMoon.swift */,
				F1D60DD21E27E39000E7059C /* Weather.swift */,
				34DF48E61E292ADB00AC4E16 /* AppSettings.swift */,
			);
			path = model;
			sourceTree = "<group>";
		};
		F1D5D29D1DD85D6B00D9DC1F /* model */ = {
			isa = PBXGroup;
			children = (
				F1D5D29E1DD85DA100D9DC1F /* PlaceTests.swift */,
				346EDC991E30CEC000BF7AD3 /* DarkMoonTests.swift */,
				345D13731E31239400327814 /* WeatherTests.swift */,
			);
			path = model;
			sourceTree = "<group>";
		};
/* End PBXGroup section */

/* Begin PBXNativeTarget section */
		348BC33C1DD1AF3900638D66 /* Locator */ = {
			isa = PBXNativeTarget;
			buildConfigurationList = 348BC35D1DD1AF3A00638D66 /* Build configuration list for PBXNativeTarget "Locator" */;
			buildPhases = (
				43903B008628763B14B3A412 /* [CP] Check Pods Manifest.lock */,
				348BC3391DD1AF3900638D66 /* Sources */,
				348BC33A1DD1AF3900638D66 /* Frameworks */,
				348BC33B1DD1AF3900638D66 /* Resources */,
				4291D4E62EC891708EC91A46 /* [CP] Embed Pods Frameworks */,
				C63639C884D661A50A5A7D33 /* [CP] Copy Pods Resources */,
				341C10CE1E250A7300378880 /* ShellScript */,
			);
			buildRules = (
			);
			dependencies = (
			);
			name = Locator;
			productName = Locator;
			productReference = 348BC33D1DD1AF3900638D66 /* Locator.app */;
			productType = "com.apple.product-type.application";
		};
		348BC3531DD1AF3A00638D66 /* LocatorTests */ = {
			isa = PBXNativeTarget;
			buildConfigurationList = 348BC3601DD1AF3A00638D66 /* Build configuration list for PBXNativeTarget "LocatorTests" */;
			buildPhases = (
				348BC3501DD1AF3A00638D66 /* Sources */,
				348BC3511DD1AF3A00638D66 /* Frameworks */,
				348BC3521DD1AF3A00638D66 /* Resources */,
			);
			buildRules = (
			);
			dependencies = (
				348BC3561DD1AF3A00638D66 /* PBXTargetDependency */,
			);
			name = LocatorTests;
			productName = LocatorTests;
			productReference = 348BC3541DD1AF3A00638D66 /* LocatorTests.xctest */;
			productType = "com.apple.product-type.bundle.unit-test";
		};
/* End PBXNativeTarget section */

/* Begin PBXProject section */
		348BC3351DD1AF3900638D66 /* Project object */ = {
			isa = PBXProject;
			attributes = {
				LastSwiftUpdateCheck = 0810;
				LastUpgradeCheck = 0820;
				ORGANIZATIONNAME = "Vincent O'Sullivan";
				TargetAttributes = {
					348BC33C1DD1AF3900638D66 = {
						CreatedOnToolsVersion = 8.1;
						DevelopmentTeam = 27QRRWZMS6;
						ProvisioningStyle = Automatic;
					};
					348BC3531DD1AF3A00638D66 = {
						CreatedOnToolsVersion = 8.1;
						DevelopmentTeam = 27QRRWZMS6;
						ProvisioningStyle = Automatic;
						TestTargetID = 348BC33C1DD1AF3900638D66;
					};
				};
			};
			buildConfigurationList = 348BC3381DD1AF3900638D66 /* Build configuration list for PBXProject "Locator" */;
			compatibilityVersion = "Xcode 3.2";
			developmentRegion = English;
			hasScannedForEncodings = 0;
			knownRegions = (
				en,
				Base,
			);
			mainGroup = 348BC3341DD1AF3900638D66;
			productRefGroup = 348BC33E1DD1AF3900638D66 /* Products */;
			projectDirPath = "";
			projectRoot = "";
			targets = (
				348BC33C1DD1AF3900638D66 /* Locator */,
				348BC3531DD1AF3A00638D66 /* LocatorTests */,
			);
		};
/* End PBXProject section */

/* Begin PBXResourcesBuildPhase section */
		348BC33B1DD1AF3900638D66 /* Resources */ = {
			isa = PBXResourcesBuildPhase;
			buildActionMask = 2147483647;
			files = (
				348BC34E1DD1AF3A00638D66 /* LaunchScreen.storyboard in Resources */,
				34F5A4FC1E22794700E66AC1 /* Lilly__.ttf in Resources */,
				348BC34B1DD1AF3A00638D66 /* Assets.xcassets in Resources */,
				348BC3641DD1AF6B00638D66 /* Podfile in Resources */,
				F11198E11E08658000D969CF /* weathericons-regular-webfont.ttf in Resources */,
				F14E8C4A1E95164C00C050CC /* nevis.ttf in Resources */,
				348BC3461DD1AF3900638D66 /* Main.storyboard in Resources */,
			);
			runOnlyForDeploymentPostprocessing = 0;
		};
		348BC3521DD1AF3A00638D66 /* Resources */ = {
			isa = PBXResourcesBuildPhase;
			buildActionMask = 2147483647;
			files = (
				346EDC941E30B9CF00BF7AD3 /* good_location.json in Resources */,
				346EDC961E30C0B700BF7AD3 /* bad_latitude.json in Resources */,
				F14E8C4B1E95164C00C050CC /* nevis.ttf in Resources */,
				346EDC981E30C0D000BF7AD3 /* bad_longitude.json in Resources */,
			);
			runOnlyForDeploymentPostprocessing = 0;
		};
/* End PBXResourcesBuildPhase section */

/* Begin PBXShellScriptBuildPhase section */
		341C10CE1E250A7300378880 /* ShellScript */ = {
			isa = PBXShellScriptBuildPhase;
			buildActionMask = 2147483647;
			files = (
			);
			inputPaths = (
			);
			outputPaths = (
			);
			runOnlyForDeploymentPostprocessing = 0;
			shellPath = /bin/sh;
			shellScript = "${PODS_ROOT}/SwiftLint/swiftlint";
		};
		4291D4E62EC891708EC91A46 /* [CP] Embed Pods Frameworks */ = {
			isa = PBXShellScriptBuildPhase;
			buildActionMask = 2147483647;
			files = (
			);
			inputPaths = (
			);
			name = "[CP] Embed Pods Frameworks";
			outputPaths = (
			);
			runOnlyForDeploymentPostprocessing = 0;
			shellPath = /bin/sh;
			shellScript = "\"${SRCROOT}/Pods/Target Support Files/Pods-Locator/Pods-Locator-frameworks.sh\"\n";
			showEnvVarsInLog = 0;
		};
		43903B008628763B14B3A412 /* [CP] Check Pods Manifest.lock */ = {
			isa = PBXShellScriptBuildPhase;
			buildActionMask = 2147483647;
			files = (
			);
			inputPaths = (
			);
			name = "[CP] Check Pods Manifest.lock";
			outputPaths = (
			);
			runOnlyForDeploymentPostprocessing = 0;
			shellPath = /bin/sh;
			shellScript = "diff \"${PODS_ROOT}/../Podfile.lock\" \"${PODS_ROOT}/Manifest.lock\" > /dev/null\nif [ $? != 0 ] ; then\n    # print error to STDERR\n    echo \"error: The sandbox is not in sync with the Podfile.lock. Run 'pod install' or update your CocoaPods installation.\" >&2\n    exit 1\nfi\n";
			showEnvVarsInLog = 0;
		};
		C63639C884D661A50A5A7D33 /* [CP] Copy Pods Resources */ = {
			isa = PBXShellScriptBuildPhase;
			buildActionMask = 2147483647;
			files = (
			);
			inputPaths = (
			);
			name = "[CP] Copy Pods Resources";
			outputPaths = (
			);
			runOnlyForDeploymentPostprocessing = 0;
			shellPath = /bin/sh;
			shellScript = "\"${SRCROOT}/Pods/Target Support Files/Pods-Locator/Pods-Locator-resources.sh\"\n";
			showEnvVarsInLog = 0;
		};
/* End PBXShellScriptBuildPhase section */

/* Begin PBXSourcesBuildPhase section */
		348BC3391DD1AF3900638D66 /* Sources */ = {
			isa = PBXSourcesBuildPhase;
			buildActionMask = 2147483647;
			files = (
				3403E8711E8E7A35003F7026 /* AlertsHandler.swift in Sources */,
				34DF48E71E292ADB00AC4E16 /* AppSettings.swift in Sources */,
				F16673471E0297E20087C5D7 /* DarkSkyForecast.swift in Sources */,
				F166734C1E02980C0087C5D7 /* DetailedForecast.swift in Sources */,
				F166733F1E0295ED0087C5D7 /* LocationController.swift in Sources */,
				348BC3491DD1AF3A00638D66 /* Locator.xcdatamodeld in Sources */,
				342A74931E352F01009754AF /* GraphView.swift in Sources */,
				3422C05D1E1BF79E00006EB3 /* DarkMoon.swift in Sources */,
				F16673411E0295ED0087C5D7 /* Location.swift in Sources */,
				348BC3431DD1AF3900638D66 /* LocationFinderViewController.swift in Sources */,
				34A540B01E35F73000FD7C6E /* WeekViewController.swift in Sources */,
				F1D5D2951DD70DED00D9DC1F /* LocationListViewController.swift in Sources */,
				F166734A1E0297F80087C5D7 /* DarkSkyUnits.swift in Sources */,
				F1884ADA1E8E28CB00EA6290 /* Alerts.swift in Sources */,
				F16673441E0296AB0087C5D7 /* DarkSkyClient.swift in Sources */,
				34BB1CF21E2E6DE400595C91 /* FrontViewController.swift in Sources */,
				34AC7E1E1E1E8AFB00BF33E0 /* String_extension.swift in Sources */,
				348BC3411DD1AF3900638D66 /* AppDelegate.swift in Sources */,
				34A540AE1E35F70100FD7C6E /* DayViewController.swift in Sources */,
				348914751E39DC3300509CA3 /* RainIntensity.swift in Sources */,
				F11F081B1E88527500231BEF /* WeatherHandler.swift in Sources */,
				348148751E15C1FF00079056 /* DetailsViewController.swift in Sources */,
				F14AB6F61E9236E10074E376 /* AlertsTableViewCell.swift in Sources */,
				F1D5D2A31DD8982400D9DC1F /* PlaceManager.swift in Sources */,
				F1E08CC71E8BD48E003561FF /* RaindropLabel.swift in Sources */,
				34F5A5001E23D6A600E66AC1 /* Font_extension.swift in Sources */,
				340FBA091E1A8B1600E2FAD4 /* SettingsViewController.swift in Sources */,
				F16673501E0298150087C5D7 /* DataPointInit.swift in Sources */,
				F11F081D1E8856AF00231BEF /* WeatherTableViewCell.swift in Sources */,
				3403E86F1E8E7439003F7026 /* Int_extension.swift in Sources */,
				F16673401E0295ED0087C5D7 /* LocationControllerDelegate.swift in Sources */,
				34A540B21E35F77A00FD7C6E /* CreditsViewController.swift in Sources */,
				F1D5D29A1DD85B3700D9DC1F /* Place.swift in Sources */,
				34A540AC1E35F69500FD7C6E /* HourViewController.swift in Sources */,
				F1D60DD31E27E39000E7059C /* Weather.swift in Sources */,
				F14E8C481E94D77300C050CC /* UIView_extension.swift in Sources */,
				3498D66F1E13CEB70081ECE3 /* RibbonView.swift in Sources */,
				34F5A4FE1E239E2000E66AC1 /* TimeZone_extension.swift in Sources */,
				348148731E15C1AD00079056 /* SolarViewController.swift in Sources */,
				F1B662431E866FB20095F16A /* AlertsViewController.swift in Sources */,
				3453E2CC1E10730A004D5F46 /* UIColor_extension.swift in Sources */,
				F166734F1E0298150087C5D7 /* DataPoint.swift in Sources */,
				F172E53F1DD705A100DDFB8E /* MainViewController.swift in Sources */,
				F1E08CC91E8D019E003561FF /* Alert.swift in Sources */,
				3422C05B1E1BD01000006EB3 /* Date_extension.swift in Sources */,
			);
			runOnlyForDeploymentPostprocessing = 0;
		};
		348BC3501DD1AF3A00638D66 /* Sources */ = {
			isa = PBXSourcesBuildPhase;
			buildActionMask = 2147483647;
			files = (
				345D13811E32A59A00327814 /* DarkSkyForecastTests.swift in Sources */,
				346EDC9A1E30CEC000BF7AD3 /* DarkMoonTests.swift in Sources */,
				F11F08201E895F0800231BEF /* CreditsViewControllerTests.swift in Sources */,
				F1D5D29F1DD85DA100D9DC1F /* PlaceTests.swift in Sources */,
				348914791E39E4AB00509CA3 /* RainIntensityTests.swift in Sources */,
				345D137C1E3238A400327814 /* RibbonViewTests.swift in Sources */,
				345D13771E31433800327814 /* StringExtensionTests.swift in Sources */,
				345D137F1E324E0500327814 /* UIColorExtensionTests.swift in Sources */,
				345D137A1E32037D00327814 /* DarkSkyUnitsTests.swift in Sources */,
				346EDC921E30B99400BF7AD3 /* LocationTests.swift in Sources */,
				346EDC8F1E30ADF600BF7AD3 /* JSONFixture.swift in Sources */,
				345D13741E31239400327814 /* WeatherTests.swift in Sources */,
			);
			runOnlyForDeploymentPostprocessing = 0;
		};
/* End PBXSourcesBuildPhase section */

/* Begin PBXTargetDependency section */
		348BC3561DD1AF3A00638D66 /* PBXTargetDependency */ = {
			isa = PBXTargetDependency;
			target = 348BC33C1DD1AF3900638D66 /* Locator */;
			targetProxy = 348BC3551DD1AF3A00638D66 /* PBXContainerItemProxy */;
		};
/* End PBXTargetDependency section */

/* Begin PBXVariantGroup section */
		348BC3441DD1AF3900638D66 /* Main.storyboard */ = {
			isa = PBXVariantGroup;
			children = (
				348BC3451DD1AF3900638D66 /* Base */,
			);
			name = Main.storyboard;
			sourceTree = "<group>";
		};
		348BC34C1DD1AF3A00638D66 /* LaunchScreen.storyboard */ = {
			isa = PBXVariantGroup;
			children = (
				348BC34D1DD1AF3A00638D66 /* Base */,
			);
			name = LaunchScreen.storyboard;
			sourceTree = "<group>";
		};
/* End PBXVariantGroup section */

/* Begin XCBuildConfiguration section */
		348BC35B1DD1AF3A00638D66 /* Debug */ = {
			isa = XCBuildConfiguration;
			buildSettings = {
				ALWAYS_SEARCH_USER_PATHS = NO;
				CLANG_ANALYZER_NONNULL = YES;
				CLANG_CXX_LANGUAGE_STANDARD = "gnu++0x";
				CLANG_CXX_LIBRARY = "libc++";
				CLANG_ENABLE_MODULES = YES;
				CLANG_ENABLE_OBJC_ARC = YES;
				CLANG_WARN_BOOL_CONVERSION = YES;
				CLANG_WARN_CONSTANT_CONVERSION = YES;
				CLANG_WARN_DIRECT_OBJC_ISA_USAGE = YES_ERROR;
				CLANG_WARN_DOCUMENTATION_COMMENTS = YES;
				CLANG_WARN_EMPTY_BODY = YES;
				CLANG_WARN_ENUM_CONVERSION = YES;
				CLANG_WARN_INFINITE_RECURSION = YES;
				CLANG_WARN_INT_CONVERSION = YES;
				CLANG_WARN_OBJC_ROOT_CLASS = YES_ERROR;
				CLANG_WARN_SUSPICIOUS_MOVE = YES;
				CLANG_WARN_SUSPICIOUS_MOVES = YES;
				CLANG_WARN_UNREACHABLE_CODE = YES;
				CLANG_WARN__DUPLICATE_METHOD_MATCH = YES;
				"CODE_SIGN_IDENTITY[sdk=iphoneos*]" = "iPhone Developer";
				COPY_PHASE_STRIP = NO;
				DEBUG_INFORMATION_FORMAT = dwarf;
				ENABLE_STRICT_OBJC_MSGSEND = YES;
				ENABLE_TESTABILITY = YES;
				GCC_C_LANGUAGE_STANDARD = gnu99;
				GCC_DYNAMIC_NO_PIC = NO;
				GCC_NO_COMMON_BLOCKS = YES;
				GCC_OPTIMIZATION_LEVEL = 0;
				GCC_PREPROCESSOR_DEFINITIONS = (
					"DEBUG=1",
					"$(inherited)",
				);
				GCC_WARN_64_TO_32_BIT_CONVERSION = YES;
				GCC_WARN_ABOUT_RETURN_TYPE = YES_ERROR;
				GCC_WARN_UNDECLARED_SELECTOR = YES;
				GCC_WARN_UNINITIALIZED_AUTOS = YES_AGGRESSIVE;
				GCC_WARN_UNUSED_FUNCTION = YES;
				GCC_WARN_UNUSED_VARIABLE = YES;
				IPHONEOS_DEPLOYMENT_TARGET = 10.1;
				MTL_ENABLE_DEBUG_INFO = YES;
				ONLY_ACTIVE_ARCH = YES;
				SDKROOT = iphoneos;
				SWIFT_ACTIVE_COMPILATION_CONDITIONS = DEBUG;
				SWIFT_OPTIMIZATION_LEVEL = "-Onone";
				TARGETED_DEVICE_FAMILY = "1,2";
			};
			name = Debug;
		};
		348BC35C1DD1AF3A00638D66 /* Release */ = {
			isa = XCBuildConfiguration;
			buildSettings = {
				ALWAYS_SEARCH_USER_PATHS = NO;
				CLANG_ANALYZER_NONNULL = YES;
				CLANG_CXX_LANGUAGE_STANDARD = "gnu++0x";
				CLANG_CXX_LIBRARY = "libc++";
				CLANG_ENABLE_MODULES = YES;
				CLANG_ENABLE_OBJC_ARC = YES;
				CLANG_WARN_BOOL_CONVERSION = YES;
				CLANG_WARN_CONSTANT_CONVERSION = YES;
				CLANG_WARN_DIRECT_OBJC_ISA_USAGE = YES_ERROR;
				CLANG_WARN_DOCUMENTATION_COMMENTS = YES;
				CLANG_WARN_EMPTY_BODY = YES;
				CLANG_WARN_ENUM_CONVERSION = YES;
				CLANG_WARN_INFINITE_RECURSION = YES;
				CLANG_WARN_INT_CONVERSION = YES;
				CLANG_WARN_OBJC_ROOT_CLASS = YES_ERROR;
				CLANG_WARN_SUSPICIOUS_MOVE = YES;
				CLANG_WARN_SUSPICIOUS_MOVES = YES;
				CLANG_WARN_UNREACHABLE_CODE = YES;
				CLANG_WARN__DUPLICATE_METHOD_MATCH = YES;
				"CODE_SIGN_IDENTITY[sdk=iphoneos*]" = "iPhone Developer";
				COPY_PHASE_STRIP = NO;
				DEBUG_INFORMATION_FORMAT = "dwarf-with-dsym";
				ENABLE_NS_ASSERTIONS = NO;
				ENABLE_STRICT_OBJC_MSGSEND = YES;
				GCC_C_LANGUAGE_STANDARD = gnu99;
				GCC_NO_COMMON_BLOCKS = YES;
				GCC_WARN_64_TO_32_BIT_CONVERSION = YES;
				GCC_WARN_ABOUT_RETURN_TYPE = YES_ERROR;
				GCC_WARN_UNDECLARED_SELECTOR = YES;
				GCC_WARN_UNINITIALIZED_AUTOS = YES_AGGRESSIVE;
				GCC_WARN_UNUSED_FUNCTION = YES;
				GCC_WARN_UNUSED_VARIABLE = YES;
				IPHONEOS_DEPLOYMENT_TARGET = 10.1;
				MTL_ENABLE_DEBUG_INFO = NO;
				SDKROOT = iphoneos;
				SWIFT_OPTIMIZATION_LEVEL = "-Owholemodule";
				TARGETED_DEVICE_FAMILY = "1,2";
				VALIDATE_PRODUCT = YES;
			};
			name = Release;
		};
		348BC35E1DD1AF3A00638D66 /* Debug */ = {
			isa = XCBuildConfiguration;
			baseConfigurationReference = 513678032403BEE30CBB3F1F /* Pods-Locator.debug.xcconfig */;
			buildSettings = {
				ASSETCATALOG_COMPILER_APPICON_NAME = AppIcon;
				DEVELOPMENT_TEAM = 27QRRWZMS6;
				INFOPLIST_FILE = Locator/Info.plist;
				LD_RUNPATH_SEARCH_PATHS = "$(inherited) @executable_path/Frameworks";
				PRODUCT_BUNDLE_IDENTIFIER = com.vjosullivan.Locator;
				PRODUCT_NAME = "$(TARGET_NAME)";
				SWIFT_VERSION = 3.0;
			};
			name = Debug;
		};
		348BC35F1DD1AF3A00638D66 /* Release */ = {
			isa = XCBuildConfiguration;
			baseConfigurationReference = 1CA6C082A0A8C47587CC8ADF /* Pods-Locator.release.xcconfig */;
			buildSettings = {
				ASSETCATALOG_COMPILER_APPICON_NAME = AppIcon;
				DEVELOPMENT_TEAM = 27QRRWZMS6;
				INFOPLIST_FILE = Locator/Info.plist;
				LD_RUNPATH_SEARCH_PATHS = "$(inherited) @executable_path/Frameworks";
				PRODUCT_BUNDLE_IDENTIFIER = com.vjosullivan.Locator;
				PRODUCT_NAME = "$(TARGET_NAME)";
				SWIFT_VERSION = 3.0;
			};
			name = Release;
		};
		348BC3611DD1AF3A00638D66 /* Debug */ = {
			isa = XCBuildConfiguration;
			buildSettings = {
				ALWAYS_EMBED_SWIFT_STANDARD_LIBRARIES = YES;
				BUNDLE_LOADER = "$(TEST_HOST)";
				DEVELOPMENT_TEAM = 27QRRWZMS6;
				INFOPLIST_FILE = LocatorTests/Info.plist;
				LD_RUNPATH_SEARCH_PATHS = "$(inherited) @executable_path/Frameworks @loader_path/Frameworks";
				PRODUCT_BUNDLE_IDENTIFIER = com.vjosullivan.LocatorTests;
				PRODUCT_NAME = "$(TARGET_NAME)";
				SWIFT_VERSION = 3.0;
				TEST_HOST = "$(BUILT_PRODUCTS_DIR)/Locator.app/Locator";
			};
			name = Debug;
		};
		348BC3621DD1AF3A00638D66 /* Release */ = {
			isa = XCBuildConfiguration;
			buildSettings = {
				ALWAYS_EMBED_SWIFT_STANDARD_LIBRARIES = YES;
				BUNDLE_LOADER = "$(TEST_HOST)";
				DEVELOPMENT_TEAM = 27QRRWZMS6;
				INFOPLIST_FILE = LocatorTests/Info.plist;
				LD_RUNPATH_SEARCH_PATHS = "$(inherited) @executable_path/Frameworks @loader_path/Frameworks";
				PRODUCT_BUNDLE_IDENTIFIER = com.vjosullivan.LocatorTests;
				PRODUCT_NAME = "$(TARGET_NAME)";
				SWIFT_VERSION = 3.0;
				TEST_HOST = "$(BUILT_PRODUCTS_DIR)/Locator.app/Locator";
			};
			name = Release;
		};
/* End XCBuildConfiguration section */

/* Begin XCConfigurationList section */
		348BC3381DD1AF3900638D66 /* Build configuration list for PBXProject "Locator" */ = {
			isa = XCConfigurationList;
			buildConfigurations = (
				348BC35B1DD1AF3A00638D66 /* Debug */,
				348BC35C1DD1AF3A00638D66 /* Release */,
			);
			defaultConfigurationIsVisible = 0;
			defaultConfigurationName = Release;
		};
		348BC35D1DD1AF3A00638D66 /* Build configuration list for PBXNativeTarget "Locator" */ = {
			isa = XCConfigurationList;
			buildConfigurations = (
				348BC35E1DD1AF3A00638D66 /* Debug */,
				348BC35F1DD1AF3A00638D66 /* Release */,
			);
			defaultConfigurationIsVisible = 0;
			defaultConfigurationName = Release;
		};
		348BC3601DD1AF3A00638D66 /* Build configuration list for PBXNativeTarget "LocatorTests" */ = {
			isa = XCConfigurationList;
			buildConfigurations = (
				348BC3611DD1AF3A00638D66 /* Debug */,
				348BC3621DD1AF3A00638D66 /* Release */,
			);
			defaultConfigurationIsVisible = 0;
			defaultConfigurationName = Release;
		};
/* End XCConfigurationList section */

/* Begin XCVersionGroup section */
		348BC3471DD1AF3900638D66 /* Locator.xcdatamodeld */ = {
			isa = XCVersionGroup;
			children = (
				348BC3481DD1AF3A00638D66 /* Locator.xcdatamodel */,
			);
			currentVersion = 348BC3481DD1AF3A00638D66 /* Locator.xcdatamodel */;
			path = Locator.xcdatamodeld;
			sourceTree = "<group>";
			versionGroupType = wrapper.xcdatamodel;
		};
/* End XCVersionGroup section */
	};
	rootObject = 348BC3351DD1AF3900638D66 /* Project object */;
}
